
Microsoft Visual Studio Solution File, Format Version 12.00
# Visual Studio Version 17
VisualStudioVersion = 17.5.002.0
MinimumVisualStudioVersion = 10.0.40219.1
Project("{2150E333-8FDC-42A3-9474-1A3956D46DE8}") = "Project1", "Project1", "{888987A7-DD3F-415C-AAE5-4BF1B99FE12F}"
EndProject
Project("{9A19103F-16F7-4668-BE54-9A1E7A4F7556}") = "Project1", "Project1\Project1\Project1.csproj", "{CC257CFD-1173-42CD-B552-AF3F70FF598B}"
EndProject
Project("{2150E333-8FDC-42A3-9474-1A3956D46DE8}") = "Project10", "Project10", "{7AF000DD-32F8-42A5-89D7-D30D56E23569}"
EndProject
Project("{9A19103F-16F7-4668-BE54-9A1E7A4F7556}") = "Project10", "Project10\Project10\Project10.csproj", "{7024EE2A-675C-46D9-B090-83AFB92D36F9}"
EndProject
Project("{2150E333-8FDC-42A3-9474-1A3956D46DE8}") = "Project11", "Project11", "{51F706D8-38AA-40F7-8EF1-E6326FA801A3}"
EndProject
Project("{9A19103F-16F7-4668-BE54-9A1E7A4F7556}") = "Project11", "Project11\Project11\Project11.csproj", "{D8EFC692-31C5-4785-8EF2-AD6E1A7DF806}"
EndProject
Project("{2150E333-8FDC-42A3-9474-1A3956D46DE8}") = "Project12", "Project12", "{5A7A3921-EA67-459F-8C9E-C224A8C05DD6}"
EndProject
Project("{9A19103F-16F7-4668-BE54-9A1E7A4F7556}") = "Project12", "Project12\Project12\Project12.csproj", "{933B3C91-5D6B-43FA-B711-D8474844A8D5}"
EndProject
Project("{2150E333-8FDC-42A3-9474-1A3956D46DE8}") = "Project13", "Project13", "{58A9CCBF-D8A8-4163-A947-3505C5B04E7B}"
EndProject
Project("{9A19103F-16F7-4668-BE54-9A1E7A4F7556}") = "Project13", "Project13\Project13\Project13.csproj", "{EBE63442-6CBF-4710-A811-36C501FB0F31}"
EndProject
Project("{2150E333-8FDC-42A3-9474-1A3956D46DE8}") = "Project14", "Project14", "{92E21B43-6690-4981-B24E-406771029A26}"
EndProject
Project("{9A19103F-16F7-4668-BE54-9A1E7A4F7556}") = "Project14", "Project14\Project14\Project14.csproj", "{6480C5F2-49BF-42BA-AE6E-A143C566EA5A}"
EndProject
Project("{2150E333-8FDC-42A3-9474-1A3956D46DE8}") = "Project15", "Project15", "{506DF510-771B-4DD6-A459-F3543851A4B6}"
EndProject
Project("{9A19103F-16F7-4668-BE54-9A1E7A4F7556}") = "Project15", "Project15\Project15\Project15.csproj", "{4050A77E-B895-4808-B41B-ED52F1A63F48}"
EndProject
Project("{2150E333-8FDC-42A3-9474-1A3956D46DE8}") = "Project16", "Project16", "{071D3E25-4ED8-461F-ACF5-1A463EC2F465}"
EndProject
Project("{9A19103F-16F7-4668-BE54-9A1E7A4F7556}") = "Project16", "Project16\Project16\Project16.csproj", "{E51DE702-4CBA-4172-B138-304A9502ECF3}"
EndProject
Project("{2150E333-8FDC-42A3-9474-1A3956D46DE8}") = "Project17", "Project17", "{DD97E08A-CD12-48C6-8D03-E664F385950D}"
EndProject
Project("{9A19103F-16F7-4668-BE54-9A1E7A4F7556}") = "Project17", "Project17\Project17\Project17.csproj", "{B6DA91E8-ACB6-424F-813B-DED7CC96CB24}"
EndProject
Project("{2150E333-8FDC-42A3-9474-1A3956D46DE8}") = "Project18", "Project18", "{F929D291-5BB6-41F3-B29C-EBBB47FE0BC1}"
EndProject
Project("{9A19103F-16F7-4668-BE54-9A1E7A4F7556}") = "Project18", "Project18\Project18\Project18.csproj", "{1466D8BE-B6AA-41ED-9D8C-CB0DC658E3F7}"
EndProject
Project("{2150E333-8FDC-42A3-9474-1A3956D46DE8}") = "Project19", "Project19", "{DAF1A2CC-A8DA-4C6A-9163-5FA91116FADF}"
EndProject
Project("{9A19103F-16F7-4668-BE54-9A1E7A4F7556}") = "Project19", "Project19\Project19\Project19.csproj", "{B1CD693B-D295-4544-A26E-55B39C55904C}"
EndProject
Project("{2150E333-8FDC-42A3-9474-1A3956D46DE8}") = "Project2", "Project2", "{187AE5D7-1B90-4BEB-A6FC-4BE3FAD57BBB}"
EndProject
Project("{9A19103F-16F7-4668-BE54-9A1E7A4F7556}") = "Project2", "Project2\Project2\Project2.csproj", "{2DE98D1F-1187-4212-9840-BDC9D8E0217B}"
EndProject
Project("{2150E333-8FDC-42A3-9474-1A3956D46DE8}") = "Project20", "Project20", "{48B8F337-64AB-4D2A-ACB0-4919ADE6AB63}"
EndProject
Project("{9A19103F-16F7-4668-BE54-9A1E7A4F7556}") = "Project20", "Project20\Project20\Project20.csproj", "{DAAA7F62-AAAA-4BE3-A5FD-486AFD72EC5B}"
EndProject
Project("{2150E333-8FDC-42A3-9474-1A3956D46DE8}") = "Project21", "Project21", "{4DA822CF-1ECD-4F33-88F2-37C57FFF12EE}"
EndProject
Project("{9A19103F-16F7-4668-BE54-9A1E7A4F7556}") = "Project21", "Project21\Project21\Project21.csproj", "{A0E6E97A-4E86-42D8-A962-2EBB4379AFF5}"
EndProject
Project("{2150E333-8FDC-42A3-9474-1A3956D46DE8}") = "Project22", "Project22", "{D90FC621-14CE-423A-80A8-D4B0896879BC}"
EndProject
Project("{9A19103F-16F7-4668-BE54-9A1E7A4F7556}") = "Project22", "Project22\Project22\Project22.csproj", "{2C9BA6A0-247E-450C-B02F-5E6C0D196067}"
EndProject
Project("{2150E333-8FDC-42A3-9474-1A3956D46DE8}") = "Project23", "Project23", "{7B88F6ED-1091-4CBA-B33D-1911DEF2723D}"
EndProject
Project("{9A19103F-16F7-4668-BE54-9A1E7A4F7556}") = "Project23", "Project23\Project23\Project23.csproj", "{C195AAE4-43EE-46F8-BD8B-9954A56E5D40}"
EndProject
Project("{2150E333-8FDC-42A3-9474-1A3956D46DE8}") = "Project24", "Project24", "{B9A8A1BB-28F0-41EE-87AF-73E0440DE39F}"
EndProject
Project("{9A19103F-16F7-4668-BE54-9A1E7A4F7556}") = "Project24", "Project24\Project24\Project24.csproj", "{8324652C-A374-4FA7-B989-2095086AB5C1}"
EndProject
Project("{2150E333-8FDC-42A3-9474-1A3956D46DE8}") = "Project25", "Project25", "{94E83332-D35B-4E20-A876-4A090026C0C6}"
EndProject
Project("{9A19103F-16F7-4668-BE54-9A1E7A4F7556}") = "Project25", "Project25\Project25\Project25.csproj", "{00302208-8E09-4AE7-9BA3-225DD013E7DB}"
EndProject
Project("{2150E333-8FDC-42A3-9474-1A3956D46DE8}") = "Project26", "Project26", "{903EF46A-273E-4030-97A4-0B38FC3E2D3A}"
EndProject
Project("{9A19103F-16F7-4668-BE54-9A1E7A4F7556}") = "Project26", "Project26\Project26\Project26.csproj", "{D50DDA4F-4D21-4F27-B00D-BB44460DDF1C}"
EndProject
Project("{2150E333-8FDC-42A3-9474-1A3956D46DE8}") = "Project27", "Project27", "{4AC9173F-0E7A-4D35-A376-70C34BADC453}"
EndProject
Project("{9A19103F-16F7-4668-BE54-9A1E7A4F7556}") = "Project27", "Project27\Project27\Project27.csproj", "{5B86CBDD-04AC-4475-93B3-3B46ADD3C5C3}"
EndProject
Project("{2150E333-8FDC-42A3-9474-1A3956D46DE8}") = "Project28", "Project28", "{68628162-BEE4-4A6E-8412-32AF06F6DBFF}"
EndProject
Project("{9A19103F-16F7-4668-BE54-9A1E7A4F7556}") = "Project28", "Project28\Project28\Project28.csproj", "{488FBDC3-4800-4462-B07E-5C7529CC665F}"
EndProject
Project("{2150E333-8FDC-42A3-9474-1A3956D46DE8}") = "Project29", "Project29", "{B8691D54-11DB-456F-A919-6D3A4998784F}"
EndProject
Project("{9A19103F-16F7-4668-BE54-9A1E7A4F7556}") = "Project29", "Project29\Project29\Project29.csproj", "{17247C85-1025-4D2F-A5A4-C68998BCE50D}"
EndProject
Project("{2150E333-8FDC-42A3-9474-1A3956D46DE8}") = "Project3", "Project3", "{6A2CA4B2-C91C-4578-93C3-D7DEB54AF2F5}"
EndProject
Project("{9A19103F-16F7-4668-BE54-9A1E7A4F7556}") = "Project3", "Project3\Project3\Project3.csproj", "{94F929A2-D1AD-4981-B83C-596CC08CAD0A}"
EndProject
Project("{2150E333-8FDC-42A3-9474-1A3956D46DE8}") = "Project30", "Project30", "{CF3EA42C-E6D2-42FF-B427-4198A686F6B7}"
EndProject
Project("{9A19103F-16F7-4668-BE54-9A1E7A4F7556}") = "Project30", "Project30\Project30\Project30.csproj", "{7C612691-C4E9-424C-95E7-6BFD4CA53260}"
EndProject
Project("{2150E333-8FDC-42A3-9474-1A3956D46DE8}") = "Project31", "Project31", "{E74E016F-94E3-4485-B020-DB3F7C146D6D}"
EndProject
Project("{9A19103F-16F7-4668-BE54-9A1E7A4F7556}") = "Project31", "Project31\Project31\Project31.csproj", "{1A67F8C0-91FE-4F29-B00E-0014CCBB84DB}"
EndProject
Project("{2150E333-8FDC-42A3-9474-1A3956D46DE8}") = "Project32", "Project32", "{E3FE43FF-1820-4B50-BD13-25855DDCD0E6}"
EndProject
Project("{9A19103F-16F7-4668-BE54-9A1E7A4F7556}") = "Project32", "Project32\Project32\Project32.csproj", "{603AEDFD-A7ED-46A0-9A7A-CA3D05E43B85}"
EndProject
Project("{2150E333-8FDC-42A3-9474-1A3956D46DE8}") = "Project33", "Project33", "{51D46C31-68AB-466F-8A20-9E16B81EA796}"
EndProject
Project("{9A19103F-16F7-4668-BE54-9A1E7A4F7556}") = "Project33", "Project33\Project33\Project33.csproj", "{78E901C7-8A2A-4FB2-AF94-06B870561091}"
EndProject
Project("{2150E333-8FDC-42A3-9474-1A3956D46DE8}") = "Project34", "Project34", "{46046D60-D000-4691-B98E-B97AD6B548EE}"
EndProject
Project("{9A19103F-16F7-4668-BE54-9A1E7A4F7556}") = "Project34", "Project34\Project34\Project34.csproj", "{1AB1B548-D7B8-4909-AD5A-874E79D377AB}"
EndProject
Project("{2150E333-8FDC-42A3-9474-1A3956D46DE8}") = "Project35", "Project35", "{684ECAD3-4B63-4AAB-AAC4-F4A1BD600DF8}"
EndProject
Project("{9A19103F-16F7-4668-BE54-9A1E7A4F7556}") = "Project35", "Project35\Project35\Project35.csproj", "{F0E84BD9-7565-4BE9-A33B-3ED82C4FBF3B}"
EndProject
Project("{2150E333-8FDC-42A3-9474-1A3956D46DE8}") = "Project36", "Project36", "{CD9AB285-FF1F-4212-B4F8-2002A86147D5}"
EndProject
Project("{9A19103F-16F7-4668-BE54-9A1E7A4F7556}") = "Project36", "Project36\Project36\Project36.csproj", "{09750C41-47AF-4E7A-9417-8FC4F5B6ED50}"
EndProject
Project("{2150E333-8FDC-42A3-9474-1A3956D46DE8}") = "Project37", "Project37", "{CD13BEEC-DC42-45BC-AB6E-A622B192B5EF}"
EndProject
Project("{9A19103F-16F7-4668-BE54-9A1E7A4F7556}") = "Project37", "Project37\Project37\Project37.csproj", "{1158A90A-C113-4197-862D-44C0BEBCE234}"
EndProject
Project("{2150E333-8FDC-42A3-9474-1A3956D46DE8}") = "Project38", "Project38", "{31EC5C64-C79C-4DBF-A7BD-946DAC2F9DD3}"
EndProject
Project("{9A19103F-16F7-4668-BE54-9A1E7A4F7556}") = "Project38", "Project38\Project38\Project38.csproj", "{F55F13D9-6A29-4330-9F0D-F41823D0EB7E}"
EndProject
Project("{2150E333-8FDC-42A3-9474-1A3956D46DE8}") = "Project39", "Project39", "{2B660B23-365B-4DDA-9C98-3DBB954BAFF0}"
EndProject
Project("{9A19103F-16F7-4668-BE54-9A1E7A4F7556}") = "Project39", "Project39\Project39\Project39.csproj", "{4662E1C4-7718-4515-9AEA-AA6D6E60E692}"
EndProject
Project("{2150E333-8FDC-42A3-9474-1A3956D46DE8}") = "Project4", "Project4", "{2C31973A-3396-4489-B4FE-43F79EC3CBBC}"
EndProject
Project("{9A19103F-16F7-4668-BE54-9A1E7A4F7556}") = "Project4", "Project4\Project4\Project4.csproj", "{FBA70398-70F3-4772-8C4B-C08ECC03FCDB}"
EndProject
Project("{2150E333-8FDC-42A3-9474-1A3956D46DE8}") = "Project40", "Project40", "{AA581285-0150-4915-84E2-543133377189}"
EndProject
Project("{9A19103F-16F7-4668-BE54-9A1E7A4F7556}") = "Project40", "Project40\Project40\Project40.csproj", "{94D15BB9-2079-40F3-99B9-F936CF3EBB50}"
EndProject
Project("{2150E333-8FDC-42A3-9474-1A3956D46DE8}") = "Project41", "Project41", "{94C91FE7-1DF7-40D2-979E-1451BE6127F9}"
EndProject
Project("{9A19103F-16F7-4668-BE54-9A1E7A4F7556}") = "Project41", "Project41\Project41\Project41.csproj", "{780BA68D-64C9-4F40-A0CE-9640ECB7B809}"
EndProject
Project("{2150E333-8FDC-42A3-9474-1A3956D46DE8}") = "Project42", "Project42", "{0CB54169-E7F6-4C7E-A46B-C4A3F1739D7A}"
EndProject
Project("{9A19103F-16F7-4668-BE54-9A1E7A4F7556}") = "Project42", "Project42\Project42\Project42.csproj", "{398F90FD-AD83-4393-B90C-ECF4E002C7C4}"
EndProject
Project("{2150E333-8FDC-42A3-9474-1A3956D46DE8}") = "Project43", "Project43", "{40673BAE-F2BC-425F-BF1E-29377DC0D5F7}"
EndProject
Project("{9A19103F-16F7-4668-BE54-9A1E7A4F7556}") = "Project43", "Project43\Project43\Project43.csproj", "{B869739C-85A8-46F9-8EDA-2953C0739AE9}"
EndProject
Project("{2150E333-8FDC-42A3-9474-1A3956D46DE8}") = "Project44", "Project44", "{B3398586-453C-4752-AE4B-B03D37877349}"
EndProject
Project("{9A19103F-16F7-4668-BE54-9A1E7A4F7556}") = "Project44", "Project44\Project44\Project44.csproj", "{3F33F1CA-FCCA-4722-B40D-164026563654}"
EndProject
Project("{2150E333-8FDC-42A3-9474-1A3956D46DE8}") = "Project45", "Project45", "{9A37D02A-7B18-4DD2-83A9-6444096C459A}"
EndProject
Project("{9A19103F-16F7-4668-BE54-9A1E7A4F7556}") = "Project45", "Project45\Project45\Project45.csproj", "{1CDC11CD-B94A-4E9E-AD18-6E1DD3A0BB8A}"
EndProject
Project("{2150E333-8FDC-42A3-9474-1A3956D46DE8}") = "Project46", "Project46", "{F71F8A0C-D1DE-41C0-9FAE-912E04C9E6B7}"
EndProject
Project("{9A19103F-16F7-4668-BE54-9A1E7A4F7556}") = "Project46", "Project46\Project46\Project46.csproj", "{4C25E88C-4927-4CE6-90DE-B3B4D88E6CC9}"
EndProject
Project("{2150E333-8FDC-42A3-9474-1A3956D46DE8}") = "Project47", "Project47", "{1A082220-42E5-4307-8C8D-3C520540DD18}"
EndProject
Project("{9A19103F-16F7-4668-BE54-9A1E7A4F7556}") = "Project47", "Project47\Project47\Project47.csproj", "{C13A5F47-15F4-4E25-9300-F8BA0BAD7135}"
EndProject
Project("{2150E333-8FDC-42A3-9474-1A3956D46DE8}") = "Project48", "Project48", "{68F2550E-9102-4CE2-8DDA-C334CCD1A0DA}"
EndProject
Project("{9A19103F-16F7-4668-BE54-9A1E7A4F7556}") = "Project48", "Project48\Project48\Project48.csproj", "{7970F6F5-2A12-480D-B64E-132DCB1E3965}"
EndProject
Project("{2150E333-8FDC-42A3-9474-1A3956D46DE8}") = "Project49", "Project49", "{F8F9F427-1C6F-4FB9-81AD-B5012B3190A6}"
EndProject
Project("{9A19103F-16F7-4668-BE54-9A1E7A4F7556}") = "Project49", "Project49\Project49\Project49.csproj", "{5490F4E5-3DBF-4D2A-8428-B945BC4F9361}"
EndProject
Project("{2150E333-8FDC-42A3-9474-1A3956D46DE8}") = "Project5", "Project5", "{F2B9840F-4895-4F32-A46C-7510BFC19B4E}"
EndProject
Project("{9A19103F-16F7-4668-BE54-9A1E7A4F7556}") = "Project5", "Project5\Project5\Project5.csproj", "{207C9E10-58FD-4600-B082-0BBE9ABAF15D}"
EndProject
Project("{2150E333-8FDC-42A3-9474-1A3956D46DE8}") = "Project50", "Project50", "{E4587E04-A8C6-4290-A508-6D49992DE340}"
EndProject
Project("{9A19103F-16F7-4668-BE54-9A1E7A4F7556}") = "Project50", "Project50\Project50\Project50.csproj", "{432CEE52-C7BF-49AA-BFBD-2D82540AD928}"
EndProject
Project("{2150E333-8FDC-42A3-9474-1A3956D46DE8}") = "Project51", "Project51", "{EEBC2897-6F42-4351-B3C4-29C00D55FEA0}"
EndProject
Project("{9A19103F-16F7-4668-BE54-9A1E7A4F7556}") = "Project51", "Project51\Project51\Project51.csproj", "{A4ACDB25-6AB6-419E-84A3-A0A7050DAD88}"
EndProject
Project("{2150E333-8FDC-42A3-9474-1A3956D46DE8}") = "Project52", "Project52", "{5E695EA7-CEC6-4EDD-AD82-061D0501B09C}"
EndProject
Project("{9A19103F-16F7-4668-BE54-9A1E7A4F7556}") = "Project52", "Project52\Project52\Project52.csproj", "{27586019-2C9B-4727-A9D8-1B3361C4BE60}"
EndProject
Project("{2150E333-8FDC-42A3-9474-1A3956D46DE8}") = "Project53", "Project53", "{4E8B0740-E602-46E8-A9DF-DA9D61CACE86}"
EndProject
Project("{9A19103F-16F7-4668-BE54-9A1E7A4F7556}") = "Project53", "Project53\Project53\Project53.csproj", "{20ACDA88-F31A-404A-B3F1-E30DF3EE775F}"
EndProject
Project("{2150E333-8FDC-42A3-9474-1A3956D46DE8}") = "Project54", "Project54", "{A5C00454-A9C0-431B-97E0-13A11D91C537}"
EndProject
Project("{9A19103F-16F7-4668-BE54-9A1E7A4F7556}") = "Project54", "Project54\Project54\Project54.csproj", "{94DBC276-ECD3-41AB-9729-146B2AA1F7B4}"
EndProject
Project("{2150E333-8FDC-42A3-9474-1A3956D46DE8}") = "Project6", "Project6", "{F5B2E92C-0A37-4BF0-8DA3-CBC4B38F6DBF}"
EndProject
Project("{9A19103F-16F7-4668-BE54-9A1E7A4F7556}") = "Project6", "Project6\Project6\Project6.csproj", "{33EF0690-2B79-4458-A38E-4B734A5803DC}"
EndProject
Project("{2150E333-8FDC-42A3-9474-1A3956D46DE8}") = "Project7", "Project7", "{7D438123-14E7-4F90-9084-C78E0433EB80}"
EndProject
Project("{9A19103F-16F7-4668-BE54-9A1E7A4F7556}") = "Project7", "Project7\Project7\Project7.csproj", "{87408DBB-194C-4714-9044-8DF7F665CD29}"
EndProject
Project("{2150E333-8FDC-42A3-9474-1A3956D46DE8}") = "Project8", "Project8", "{83D88C10-A221-4BDE-8A0B-73DC959B6D52}"
EndProject
Project("{9A19103F-16F7-4668-BE54-9A1E7A4F7556}") = "Project8", "Project8\Project8\Project8.csproj", "{CBB52430-33A1-4534-A62A-A62A8E6FE4F8}"
EndProject
Project("{2150E333-8FDC-42A3-9474-1A3956D46DE8}") = "Project9", "Project9", "{6952AA05-0AC2-4CB0-AB04-10BEA464EF49}"
EndProject
Project("{9A19103F-16F7-4668-BE54-9A1E7A4F7556}") = "Project9", "Project9\Project9\Project9.csproj", "{9DB1D462-1402-4EE6-8475-FFAC4FA4E20E}"
EndProject
Global
	GlobalSection(SolutionConfigurationPlatforms) = preSolution
		Debug|Any CPU = Debug|Any CPU
		Release|Any CPU = Release|Any CPU
	EndGlobalSection
	GlobalSection(ProjectConfigurationPlatforms) = postSolution
		{CC257CFD-1173-42CD-B552-AF3F70FF598B}.Debug|Any CPU.ActiveCfg = Debug|Any CPU
		{CC257CFD-1173-42CD-B552-AF3F70FF598B}.Debug|Any CPU.Build.0 = Debug|Any CPU
		{CC257CFD-1173-42CD-B552-AF3F70FF598B}.Release|Any CPU.ActiveCfg = Release|Any CPU
		{CC257CFD-1173-42CD-B552-AF3F70FF598B}.Release|Any CPU.Build.0 = Release|Any CPU
		{7024EE2A-675C-46D9-B090-83AFB92D36F9}.Debug|Any CPU.ActiveCfg = Debug|Any CPU
		{7024EE2A-675C-46D9-B090-83AFB92D36F9}.Debug|Any CPU.Build.0 = Debug|Any CPU
		{7024EE2A-675C-46D9-B090-83AFB92D36F9}.Release|Any CPU.ActiveCfg = Release|Any CPU
		{7024EE2A-675C-46D9-B090-83AFB92D36F9}.Release|Any CPU.Build.0 = Release|Any CPU
		{D8EFC692-31C5-4785-8EF2-AD6E1A7DF806}.Debug|Any CPU.ActiveCfg = Debug|Any CPU
		{D8EFC692-31C5-4785-8EF2-AD6E1A7DF806}.Debug|Any CPU.Build.0 = Debug|Any CPU
		{D8EFC692-31C5-4785-8EF2-AD6E1A7DF806}.Release|Any CPU.ActiveCfg = Release|Any CPU
		{D8EFC692-31C5-4785-8EF2-AD6E1A7DF806}.Release|Any CPU.Build.0 = Release|Any CPU
		{933B3C91-5D6B-43FA-B711-D8474844A8D5}.Debug|Any CPU.ActiveCfg = Debug|Any CPU
		{933B3C91-5D6B-43FA-B711-D8474844A8D5}.Debug|Any CPU.Build.0 = Debug|Any CPU
		{933B3C91-5D6B-43FA-B711-D8474844A8D5}.Release|Any CPU.ActiveCfg = Release|Any CPU
		{933B3C91-5D6B-43FA-B711-D8474844A8D5}.Release|Any CPU.Build.0 = Release|Any CPU
		{EBE63442-6CBF-4710-A811-36C501FB0F31}.Debug|Any CPU.ActiveCfg = Debug|Any CPU
		{EBE63442-6CBF-4710-A811-36C501FB0F31}.Debug|Any CPU.Build.0 = Debug|Any CPU
		{EBE63442-6CBF-4710-A811-36C501FB0F31}.Release|Any CPU.ActiveCfg = Release|Any CPU
		{EBE63442-6CBF-4710-A811-36C501FB0F31}.Release|Any CPU.Build.0 = Release|Any CPU
		{6480C5F2-49BF-42BA-AE6E-A143C566EA5A}.Debug|Any CPU.ActiveCfg = Debug|Any CPU
		{6480C5F2-49BF-42BA-AE6E-A143C566EA5A}.Debug|Any CPU.Build.0 = Debug|Any CPU
		{6480C5F2-49BF-42BA-AE6E-A143C566EA5A}.Release|Any CPU.ActiveCfg = Release|Any CPU
		{6480C5F2-49BF-42BA-AE6E-A143C566EA5A}.Release|Any CPU.Build.0 = Release|Any CPU
		{4050A77E-B895-4808-B41B-ED52F1A63F48}.Debug|Any CPU.ActiveCfg = Debug|Any CPU
		{4050A77E-B895-4808-B41B-ED52F1A63F48}.Debug|Any CPU.Build.0 = Debug|Any CPU
		{4050A77E-B895-4808-B41B-ED52F1A63F48}.Release|Any CPU.ActiveCfg = Release|Any CPU
		{4050A77E-B895-4808-B41B-ED52F1A63F48}.Release|Any CPU.Build.0 = Release|Any CPU
		{E51DE702-4CBA-4172-B138-304A9502ECF3}.Debug|Any CPU.ActiveCfg = Debug|Any CPU
		{E51DE702-4CBA-4172-B138-304A9502ECF3}.Debug|Any CPU.Build.0 = Debug|Any CPU
		{E51DE702-4CBA-4172-B138-304A9502ECF3}.Release|Any CPU.ActiveCfg = Release|Any CPU
		{E51DE702-4CBA-4172-B138-304A9502ECF3}.Release|Any CPU.Build.0 = Release|Any CPU
		{B6DA91E8-ACB6-424F-813B-DED7CC96CB24}.Debug|Any CPU.ActiveCfg = Debug|Any CPU
		{B6DA91E8-ACB6-424F-813B-DED7CC96CB24}.Debug|Any CPU.Build.0 = Debug|Any CPU
		{B6DA91E8-ACB6-424F-813B-DED7CC96CB24}.Release|Any CPU.ActiveCfg = Release|Any CPU
		{B6DA91E8-ACB6-424F-813B-DED7CC96CB24}.Release|Any CPU.Build.0 = Release|Any CPU
		{1466D8BE-B6AA-41ED-9D8C-CB0DC658E3F7}.Debug|Any CPU.ActiveCfg = Debug|Any CPU
		{1466D8BE-B6AA-41ED-9D8C-CB0DC658E3F7}.Debug|Any CPU.Build.0 = Debug|Any CPU
		{1466D8BE-B6AA-41ED-9D8C-CB0DC658E3F7}.Release|Any CPU.ActiveCfg = Release|Any CPU
		{1466D8BE-B6AA-41ED-9D8C-CB0DC658E3F7}.Release|Any CPU.Build.0 = Release|Any CPU
		{B1CD693B-D295-4544-A26E-55B39C55904C}.Debug|Any CPU.ActiveCfg = Debug|Any CPU
		{B1CD693B-D295-4544-A26E-55B39C55904C}.Debug|Any CPU.Build.0 = Debug|Any CPU
		{B1CD693B-D295-4544-A26E-55B39C55904C}.Release|Any CPU.ActiveCfg = Release|Any CPU
		{B1CD693B-D295-4544-A26E-55B39C55904C}.Release|Any CPU.Build.0 = Release|Any CPU
		{2DE98D1F-1187-4212-9840-BDC9D8E0217B}.Debug|Any CPU.ActiveCfg = Debug|Any CPU
		{2DE98D1F-1187-4212-9840-BDC9D8E0217B}.Debug|Any CPU.Build.0 = Debug|Any CPU
		{2DE98D1F-1187-4212-9840-BDC9D8E0217B}.Release|Any CPU.ActiveCfg = Release|Any CPU
		{2DE98D1F-1187-4212-9840-BDC9D8E0217B}.Release|Any CPU.Build.0 = Release|Any CPU
		{DAAA7F62-AAAA-4BE3-A5FD-486AFD72EC5B}.Debug|Any CPU.ActiveCfg = Debug|Any CPU
		{DAAA7F62-AAAA-4BE3-A5FD-486AFD72EC5B}.Debug|Any CPU.Build.0 = Debug|Any CPU
		{DAAA7F62-AAAA-4BE3-A5FD-486AFD72EC5B}.Release|Any CPU.ActiveCfg = Release|Any CPU
		{DAAA7F62-AAAA-4BE3-A5FD-486AFD72EC5B}.Release|Any CPU.Build.0 = Release|Any CPU
		{A0E6E97A-4E86-42D8-A962-2EBB4379AFF5}.Debug|Any CPU.ActiveCfg = Debug|Any CPU
		{A0E6E97A-4E86-42D8-A962-2EBB4379AFF5}.Debug|Any CPU.Build.0 = Debug|Any CPU
		{A0E6E97A-4E86-42D8-A962-2EBB4379AFF5}.Release|Any CPU.ActiveCfg = Release|Any CPU
		{A0E6E97A-4E86-42D8-A962-2EBB4379AFF5}.Release|Any CPU.Build.0 = Release|Any CPU
		{2C9BA6A0-247E-450C-B02F-5E6C0D196067}.Debug|Any CPU.ActiveCfg = Debug|Any CPU
		{2C9BA6A0-247E-450C-B02F-5E6C0D196067}.Debug|Any CPU.Build.0 = Debug|Any CPU
		{2C9BA6A0-247E-450C-B02F-5E6C0D196067}.Release|Any CPU.ActiveCfg = Release|Any CPU
		{2C9BA6A0-247E-450C-B02F-5E6C0D196067}.Release|Any CPU.Build.0 = Release|Any CPU
		{C195AAE4-43EE-46F8-BD8B-9954A56E5D40}.Debug|Any CPU.ActiveCfg = Debug|Any CPU
		{C195AAE4-43EE-46F8-BD8B-9954A56E5D40}.Debug|Any CPU.Build.0 = Debug|Any CPU
		{C195AAE4-43EE-46F8-BD8B-9954A56E5D40}.Release|Any CPU.ActiveCfg = Release|Any CPU
		{C195AAE4-43EE-46F8-BD8B-9954A56E5D40}.Release|Any CPU.Build.0 = Release|Any CPU
		{8324652C-A374-4FA7-B989-2095086AB5C1}.Debug|Any CPU.ActiveCfg = Debug|Any CPU
		{8324652C-A374-4FA7-B989-2095086AB5C1}.Debug|Any CPU.Build.0 = Debug|Any CPU
		{8324652C-A374-4FA7-B989-2095086AB5C1}.Release|Any CPU.ActiveCfg = Release|Any CPU
		{8324652C-A374-4FA7-B989-2095086AB5C1}.Release|Any CPU.Build.0 = Release|Any CPU
		{00302208-8E09-4AE7-9BA3-225DD013E7DB}.Debug|Any CPU.ActiveCfg = Debug|Any CPU
		{00302208-8E09-4AE7-9BA3-225DD013E7DB}.Debug|Any CPU.Build.0 = Debug|Any CPU
		{00302208-8E09-4AE7-9BA3-225DD013E7DB}.Release|Any CPU.ActiveCfg = Release|Any CPU
		{00302208-8E09-4AE7-9BA3-225DD013E7DB}.Release|Any CPU.Build.0 = Release|Any CPU
		{D50DDA4F-4D21-4F27-B00D-BB44460DDF1C}.Debug|Any CPU.ActiveCfg = Debug|Any CPU
		{D50DDA4F-4D21-4F27-B00D-BB44460DDF1C}.Debug|Any CPU.Build.0 = Debug|Any CPU
		{D50DDA4F-4D21-4F27-B00D-BB44460DDF1C}.Release|Any CPU.ActiveCfg = Release|Any CPU
		{D50DDA4F-4D21-4F27-B00D-BB44460DDF1C}.Release|Any CPU.Build.0 = Release|Any CPU
		{5B86CBDD-04AC-4475-93B3-3B46ADD3C5C3}.Debug|Any CPU.ActiveCfg = Debug|Any CPU
		{5B86CBDD-04AC-4475-93B3-3B46ADD3C5C3}.Debug|Any CPU.Build.0 = Debug|Any CPU
		{5B86CBDD-04AC-4475-93B3-3B46ADD3C5C3}.Release|Any CPU.ActiveCfg = Release|Any CPU
		{5B86CBDD-04AC-4475-93B3-3B46ADD3C5C3}.Release|Any CPU.Build.0 = Release|Any CPU
		{488FBDC3-4800-4462-B07E-5C7529CC665F}.Debug|Any CPU.ActiveCfg = Debug|Any CPU
		{488FBDC3-4800-4462-B07E-5C7529CC665F}.Debug|Any CPU.Build.0 = Debug|Any CPU
		{488FBDC3-4800-4462-B07E-5C7529CC665F}.Release|Any CPU.ActiveCfg = Release|Any CPU
		{488FBDC3-4800-4462-B07E-5C7529CC665F}.Release|Any CPU.Build.0 = Release|Any CPU
		{17247C85-1025-4D2F-A5A4-C68998BCE50D}.Debug|Any CPU.ActiveCfg = Debug|Any CPU
		{17247C85-1025-4D2F-A5A4-C68998BCE50D}.Debug|Any CPU.Build.0 = Debug|Any CPU
		{17247C85-1025-4D2F-A5A4-C68998BCE50D}.Release|Any CPU.ActiveCfg = Release|Any CPU
		{17247C85-1025-4D2F-A5A4-C68998BCE50D}.Release|Any CPU.Build.0 = Release|Any CPU
		{94F929A2-D1AD-4981-B83C-596CC08CAD0A}.Debug|Any CPU.ActiveCfg = Debug|Any CPU
		{94F929A2-D1AD-4981-B83C-596CC08CAD0A}.Debug|Any CPU.Build.0 = Debug|Any CPU
		{94F929A2-D1AD-4981-B83C-596CC08CAD0A}.Release|Any CPU.ActiveCfg = Release|Any CPU
		{94F929A2-D1AD-4981-B83C-596CC08CAD0A}.Release|Any CPU.Build.0 = Release|Any CPU
		{7C612691-C4E9-424C-95E7-6BFD4CA53260}.Debug|Any CPU.ActiveCfg = Debug|Any CPU
		{7C612691-C4E9-424C-95E7-6BFD4CA53260}.Debug|Any CPU.Build.0 = Debug|Any CPU
		{7C612691-C4E9-424C-95E7-6BFD4CA53260}.Release|Any CPU.ActiveCfg = Release|Any CPU
		{7C612691-C4E9-424C-95E7-6BFD4CA53260}.Release|Any CPU.Build.0 = Release|Any CPU
		{1A67F8C0-91FE-4F29-B00E-0014CCBB84DB}.Debug|Any CPU.ActiveCfg = Debug|Any CPU
		{1A67F8C0-91FE-4F29-B00E-0014CCBB84DB}.Debug|Any CPU.Build.0 = Debug|Any CPU
		{1A67F8C0-91FE-4F29-B00E-0014CCBB84DB}.Release|Any CPU.ActiveCfg = Release|Any CPU
		{1A67F8C0-91FE-4F29-B00E-0014CCBB84DB}.Release|Any CPU.Build.0 = Release|Any CPU
		{603AEDFD-A7ED-46A0-9A7A-CA3D05E43B85}.Debug|Any CPU.ActiveCfg = Debug|Any CPU
		{603AEDFD-A7ED-46A0-9A7A-CA3D05E43B85}.Debug|Any CPU.Build.0 = Debug|Any CPU
		{603AEDFD-A7ED-46A0-9A7A-CA3D05E43B85}.Release|Any CPU.ActiveCfg = Release|Any CPU
		{603AEDFD-A7ED-46A0-9A7A-CA3D05E43B85}.Release|Any CPU.Build.0 = Release|Any CPU
		{78E901C7-8A2A-4FB2-AF94-06B870561091}.Debug|Any CPU.ActiveCfg = Debug|Any CPU
		{78E901C7-8A2A-4FB2-AF94-06B870561091}.Debug|Any CPU.Build.0 = Debug|Any CPU
		{78E901C7-8A2A-4FB2-AF94-06B870561091}.Release|Any CPU.ActiveCfg = Release|Any CPU
		{78E901C7-8A2A-4FB2-AF94-06B870561091}.Release|Any CPU.Build.0 = Release|Any CPU
		{1AB1B548-D7B8-4909-AD5A-874E79D377AB}.Debug|Any CPU.ActiveCfg = Debug|Any CPU
		{1AB1B548-D7B8-4909-AD5A-874E79D377AB}.Debug|Any CPU.Build.0 = Debug|Any CPU
		{1AB1B548-D7B8-4909-AD5A-874E79D377AB}.Release|Any CPU.ActiveCfg = Release|Any CPU
		{1AB1B548-D7B8-4909-AD5A-874E79D377AB}.Release|Any CPU.Build.0 = Release|Any CPU
		{F0E84BD9-7565-4BE9-A33B-3ED82C4FBF3B}.Debug|Any CPU.ActiveCfg = Debug|Any CPU
		{F0E84BD9-7565-4BE9-A33B-3ED82C4FBF3B}.Debug|Any CPU.Build.0 = Debug|Any CPU
		{F0E84BD9-7565-4BE9-A33B-3ED82C4FBF3B}.Release|Any CPU.ActiveCfg = Release|Any CPU
		{F0E84BD9-7565-4BE9-A33B-3ED82C4FBF3B}.Release|Any CPU.Build.0 = Release|Any CPU
		{09750C41-47AF-4E7A-9417-8FC4F5B6ED50}.Debug|Any CPU.ActiveCfg = Debug|Any CPU
		{09750C41-47AF-4E7A-9417-8FC4F5B6ED50}.Debug|Any CPU.Build.0 = Debug|Any CPU
		{09750C41-47AF-4E7A-9417-8FC4F5B6ED50}.Release|Any CPU.ActiveCfg = Release|Any CPU
		{09750C41-47AF-4E7A-9417-8FC4F5B6ED50}.Release|Any CPU.Build.0 = Release|Any CPU
		{1158A90A-C113-4197-862D-44C0BEBCE234}.Debug|Any CPU.ActiveCfg = Debug|Any CPU
		{1158A90A-C113-4197-862D-44C0BEBCE234}.Debug|Any CPU.Build.0 = Debug|Any CPU
		{1158A90A-C113-4197-862D-44C0BEBCE234}.Release|Any CPU.ActiveCfg = Release|Any CPU
		{1158A90A-C113-4197-862D-44C0BEBCE234}.Release|Any CPU.Build.0 = Release|Any CPU
		{F55F13D9-6A29-4330-9F0D-F41823D0EB7E}.Debug|Any CPU.ActiveCfg = Debug|Any CPU
		{F55F13D9-6A29-4330-9F0D-F41823D0EB7E}.Debug|Any CPU.Build.0 = Debug|Any CPU
		{F55F13D9-6A29-4330-9F0D-F41823D0EB7E}.Release|Any CPU.ActiveCfg = Release|Any CPU
		{F55F13D9-6A29-4330-9F0D-F41823D0EB7E}.Release|Any CPU.Build.0 = Release|Any CPU
		{4662E1C4-7718-4515-9AEA-AA6D6E60E692}.Debug|Any CPU.ActiveCfg = Debug|Any CPU
		{4662E1C4-7718-4515-9AEA-AA6D6E60E692}.Debug|Any CPU.Build.0 = Debug|Any CPU
		{4662E1C4-7718-4515-9AEA-AA6D6E60E692}.Release|Any CPU.ActiveCfg = Release|Any CPU
		{4662E1C4-7718-4515-9AEA-AA6D6E60E692}.Release|Any CPU.Build.0 = Release|Any CPU
		{FBA70398-70F3-4772-8C4B-C08ECC03FCDB}.Debug|Any CPU.ActiveCfg = Debug|Any CPU
		{FBA70398-70F3-4772-8C4B-C08ECC03FCDB}.Debug|Any CPU.Build.0 = Debug|Any CPU
		{FBA70398-70F3-4772-8C4B-C08ECC03FCDB}.Release|Any CPU.ActiveCfg = Release|Any CPU
		{FBA70398-70F3-4772-8C4B-C08ECC03FCDB}.Release|Any CPU.Build.0 = Release|Any CPU
		{94D15BB9-2079-40F3-99B9-F936CF3EBB50}.Debug|Any CPU.ActiveCfg = Debug|Any CPU
		{94D15BB9-2079-40F3-99B9-F936CF3EBB50}.Debug|Any CPU.Build.0 = Debug|Any CPU
		{94D15BB9-2079-40F3-99B9-F936CF3EBB50}.Release|Any CPU.ActiveCfg = Release|Any CPU
		{94D15BB9-2079-40F3-99B9-F936CF3EBB50}.Release|Any CPU.Build.0 = Release|Any CPU
		{780BA68D-64C9-4F40-A0CE-9640ECB7B809}.Debug|Any CPU.ActiveCfg = Debug|Any CPU
		{780BA68D-64C9-4F40-A0CE-9640ECB7B809}.Debug|Any CPU.Build.0 = Debug|Any CPU
		{780BA68D-64C9-4F40-A0CE-9640ECB7B809}.Release|Any CPU.ActiveCfg = Release|Any CPU
		{780BA68D-64C9-4F40-A0CE-9640ECB7B809}.Release|Any CPU.Build.0 = Release|Any CPU
		{398F90FD-AD83-4393-B90C-ECF4E002C7C4}.Debug|Any CPU.ActiveCfg = Debug|Any CPU
		{398F90FD-AD83-4393-B90C-ECF4E002C7C4}.Debug|Any CPU.Build.0 = Debug|Any CPU
		{398F90FD-AD83-4393-B90C-ECF4E002C7C4}.Release|Any CPU.ActiveCfg = Release|Any CPU
		{398F90FD-AD83-4393-B90C-ECF4E002C7C4}.Release|Any CPU.Build.0 = Release|Any CPU
		{B869739C-85A8-46F9-8EDA-2953C0739AE9}.Debug|Any CPU.ActiveCfg = Debug|Any CPU
		{B869739C-85A8-46F9-8EDA-2953C0739AE9}.Debug|Any CPU.Build.0 = Debug|Any CPU
		{B869739C-85A8-46F9-8EDA-2953C0739AE9}.Release|Any CPU.ActiveCfg = Release|Any CPU
		{B869739C-85A8-46F9-8EDA-2953C0739AE9}.Release|Any CPU.Build.0 = Release|Any CPU
		{3F33F1CA-FCCA-4722-B40D-164026563654}.Debug|Any CPU.ActiveCfg = Debug|Any CPU
		{3F33F1CA-FCCA-4722-B40D-164026563654}.Debug|Any CPU.Build.0 = Debug|Any CPU
		{3F33F1CA-FCCA-4722-B40D-164026563654}.Release|Any CPU.ActiveCfg = Release|Any CPU
		{3F33F1CA-FCCA-4722-B40D-164026563654}.Release|Any CPU.Build.0 = Release|Any CPU
		{1CDC11CD-B94A-4E9E-AD18-6E1DD3A0BB8A}.Debug|Any CPU.ActiveCfg = Debug|Any CPU
		{1CDC11CD-B94A-4E9E-AD18-6E1DD3A0BB8A}.Debug|Any CPU.Build.0 = Debug|Any CPU
		{1CDC11CD-B94A-4E9E-AD18-6E1DD3A0BB8A}.Release|Any CPU.ActiveCfg = Release|Any CPU
		{1CDC11CD-B94A-4E9E-AD18-6E1DD3A0BB8A}.Release|Any CPU.Build.0 = Release|Any CPU
		{4C25E88C-4927-4CE6-90DE-B3B4D88E6CC9}.Debug|Any CPU.ActiveCfg = Debug|Any CPU
		{4C25E88C-4927-4CE6-90DE-B3B4D88E6CC9}.Debug|Any CPU.Build.0 = Debug|Any CPU
		{4C25E88C-4927-4CE6-90DE-B3B4D88E6CC9}.Release|Any CPU.ActiveCfg = Release|Any CPU
		{4C25E88C-4927-4CE6-90DE-B3B4D88E6CC9}.Release|Any CPU.Build.0 = Release|Any CPU
		{C13A5F47-15F4-4E25-9300-F8BA0BAD7135}.Debug|Any CPU.ActiveCfg = Debug|Any CPU
		{C13A5F47-15F4-4E25-9300-F8BA0BAD7135}.Debug|Any CPU.Build.0 = Debug|Any CPU
		{C13A5F47-15F4-4E25-9300-F8BA0BAD7135}.Release|Any CPU.ActiveCfg = Release|Any CPU
		{C13A5F47-15F4-4E25-9300-F8BA0BAD7135}.Release|Any CPU.Build.0 = Release|Any CPU
		{7970F6F5-2A12-480D-B64E-132DCB1E3965}.Debug|Any CPU.ActiveCfg = Debug|Any CPU
		{7970F6F5-2A12-480D-B64E-132DCB1E3965}.Debug|Any CPU.Build.0 = Debug|Any CPU
		{7970F6F5-2A12-480D-B64E-132DCB1E3965}.Release|Any CPU.ActiveCfg = Release|Any CPU
		{7970F6F5-2A12-480D-B64E-132DCB1E3965}.Release|Any CPU.Build.0 = Release|Any CPU
		{5490F4E5-3DBF-4D2A-8428-B945BC4F9361}.Debug|Any CPU.ActiveCfg = Debug|Any CPU
		{5490F4E5-3DBF-4D2A-8428-B945BC4F9361}.Debug|Any CPU.Build.0 = Debug|Any CPU
		{5490F4E5-3DBF-4D2A-8428-B945BC4F9361}.Release|Any CPU.ActiveCfg = Release|Any CPU
		{5490F4E5-3DBF-4D2A-8428-B945BC4F9361}.Release|Any CPU.Build.0 = Release|Any CPU
		{207C9E10-58FD-4600-B082-0BBE9ABAF15D}.Debug|Any CPU.ActiveCfg = Debug|Any CPU
		{207C9E10-58FD-4600-B082-0BBE9ABAF15D}.Debug|Any CPU.Build.0 = Debug|Any CPU
		{207C9E10-58FD-4600-B082-0BBE9ABAF15D}.Release|Any CPU.ActiveCfg = Release|Any CPU
		{207C9E10-58FD-4600-B082-0BBE9ABAF15D}.Release|Any CPU.Build.0 = Release|Any CPU
		{432CEE52-C7BF-49AA-BFBD-2D82540AD928}.Debug|Any CPU.ActiveCfg = Debug|Any CPU
		{432CEE52-C7BF-49AA-BFBD-2D82540AD928}.Debug|Any CPU.Build.0 = Debug|Any CPU
		{432CEE52-C7BF-49AA-BFBD-2D82540AD928}.Release|Any CPU.ActiveCfg = Release|Any CPU
		{432CEE52-C7BF-49AA-BFBD-2D82540AD928}.Release|Any CPU.Build.0 = Release|Any CPU
		{A4ACDB25-6AB6-419E-84A3-A0A7050DAD88}.Debug|Any CPU.ActiveCfg = Debug|Any CPU
		{A4ACDB25-6AB6-419E-84A3-A0A7050DAD88}.Debug|Any CPU.Build.0 = Debug|Any CPU
		{A4ACDB25-6AB6-419E-84A3-A0A7050DAD88}.Release|Any CPU.ActiveCfg = Release|Any CPU
		{A4ACDB25-6AB6-419E-84A3-A0A7050DAD88}.Release|Any CPU.Build.0 = Release|Any CPU
		{27586019-2C9B-4727-A9D8-1B3361C4BE60}.Debug|Any CPU.ActiveCfg = Debug|Any CPU
		{27586019-2C9B-4727-A9D8-1B3361C4BE60}.Debug|Any CPU.Build.0 = Debug|Any CPU
		{27586019-2C9B-4727-A9D8-1B3361C4BE60}.Release|Any CPU.ActiveCfg = Release|Any CPU
		{27586019-2C9B-4727-A9D8-1B3361C4BE60}.Release|Any CPU.Build.0 = Release|Any CPU
		{20ACDA88-F31A-404A-B3F1-E30DF3EE775F}.Debug|Any CPU.ActiveCfg = Debug|Any CPU
		{20ACDA88-F31A-404A-B3F1-E30DF3EE775F}.Debug|Any CPU.Build.0 = Debug|Any CPU
		{20ACDA88-F31A-404A-B3F1-E30DF3EE775F}.Release|Any CPU.ActiveCfg = Release|Any CPU
		{20ACDA88-F31A-404A-B3F1-E30DF3EE775F}.Release|Any CPU.Build.0 = Release|Any CPU
		{94DBC276-ECD3-41AB-9729-146B2AA1F7B4}.Debug|Any CPU.ActiveCfg = Debug|Any CPU
		{94DBC276-ECD3-41AB-9729-146B2AA1F7B4}.Debug|Any CPU.Build.0 = Debug|Any CPU
		{94DBC276-ECD3-41AB-9729-146B2AA1F7B4}.Release|Any CPU.ActiveCfg = Release|Any CPU
		{94DBC276-ECD3-41AB-9729-146B2AA1F7B4}.Release|Any CPU.Build.0 = Release|Any CPU
		{33EF0690-2B79-4458-A38E-4B734A5803DC}.Debug|Any CPU.ActiveCfg = Debug|Any CPU
		{33EF0690-2B79-4458-A38E-4B734A5803DC}.Debug|Any CPU.Build.0 = Debug|Any CPU
		{33EF0690-2B79-4458-A38E-4B734A5803DC}.Release|Any CPU.ActiveCfg = Release|Any CPU
		{33EF0690-2B79-4458-A38E-4B734A5803DC}.Release|Any CPU.Build.0 = Release|Any CPU
		{87408DBB-194C-4714-9044-8DF7F665CD29}.Debug|Any CPU.ActiveCfg = Debug|Any CPU
		{87408DBB-194C-4714-9044-8DF7F665CD29}.Debug|Any CPU.Build.0 = Debug|Any CPU
		{87408DBB-194C-4714-9044-8DF7F665CD29}.Release|Any CPU.ActiveCfg = Release|Any CPU
		{87408DBB-194C-4714-9044-8DF7F665CD29}.Release|Any CPU.Build.0 = Release|Any CPU
		{CBB52430-33A1-4534-A62A-A62A8E6FE4F8}.Debug|Any CPU.ActiveCfg = Debug|Any CPU
		{CBB52430-33A1-4534-A62A-A62A8E6FE4F8}.Debug|Any CPU.Build.0 = Debug|Any CPU
		{CBB52430-33A1-4534-A62A-A62A8E6FE4F8}.Release|Any CPU.ActiveCfg = Release|Any CPU
		{CBB52430-33A1-4534-A62A-A62A8E6FE4F8}.Release|Any CPU.Build.0 = Release|Any CPU
		{9DB1D462-1402-4EE6-8475-FFAC4FA4E20E}.Debug|Any CPU.ActiveCfg = Debug|Any CPU
		{9DB1D462-1402-4EE6-8475-FFAC4FA4E20E}.Debug|Any CPU.Build.0 = Debug|Any CPU
		{9DB1D462-1402-4EE6-8475-FFAC4FA4E20E}.Release|Any CPU.ActiveCfg = Release|Any CPU
		{9DB1D462-1402-4EE6-8475-FFAC4FA4E20E}.Release|Any CPU.Build.0 = Release|Any CPU
	EndGlobalSection
	GlobalSection(SolutionProperties) = preSolution
		HideSolutionNode = FALSE
	EndGlobalSection
	GlobalSection(NestedProjects) = preSolution
		{CC257CFD-1173-42CD-B552-AF3F70FF598B} = {888987A7-DD3F-415C-AAE5-4BF1B99FE12F}
		{7024EE2A-675C-46D9-B090-83AFB92D36F9} = {7AF000DD-32F8-42A5-89D7-D30D56E23569}
		{D8EFC692-31C5-4785-8EF2-AD6E1A7DF806} = {51F706D8-38AA-40F7-8EF1-E6326FA801A3}
		{933B3C91-5D6B-43FA-B711-D8474844A8D5} = {5A7A3921-EA67-459F-8C9E-C224A8C05DD6}
		{EBE63442-6CBF-4710-A811-36C501FB0F31} = {58A9CCBF-D8A8-4163-A947-3505C5B04E7B}
		{6480C5F2-49BF-42BA-AE6E-A143C566EA5A} = {92E21B43-6690-4981-B24E-406771029A26}
		{4050A77E-B895-4808-B41B-ED52F1A63F48} = {506DF510-771B-4DD6-A459-F3543851A4B6}
		{E51DE702-4CBA-4172-B138-304A9502ECF3} = {071D3E25-4ED8-461F-ACF5-1A463EC2F465}
		{B6DA91E8-ACB6-424F-813B-DED7CC96CB24} = {DD97E08A-CD12-48C6-8D03-E664F385950D}
		{1466D8BE-B6AA-41ED-9D8C-CB0DC658E3F7} = {F929D291-5BB6-41F3-B29C-EBBB47FE0BC1}
		{B1CD693B-D295-4544-A26E-55B39C55904C} = {DAF1A2CC-A8DA-4C6A-9163-5FA91116FADF}
		{2DE98D1F-1187-4212-9840-BDC9D8E0217B} = {187AE5D7-1B90-4BEB-A6FC-4BE3FAD57BBB}
		{DAAA7F62-AAAA-4BE3-A5FD-486AFD72EC5B} = {48B8F337-64AB-4D2A-ACB0-4919ADE6AB63}
		{A0E6E97A-4E86-42D8-A962-2EBB4379AFF5} = {4DA822CF-1ECD-4F33-88F2-37C57FFF12EE}
		{2C9BA6A0-247E-450C-B02F-5E6C0D196067} = {D90FC621-14CE-423A-80A8-D4B0896879BC}
		{C195AAE4-43EE-46F8-BD8B-9954A56E5D40} = {7B88F6ED-1091-4CBA-B33D-1911DEF2723D}
		{8324652C-A374-4FA7-B989-2095086AB5C1} = {B9A8A1BB-28F0-41EE-87AF-73E0440DE39F}
		{00302208-8E09-4AE7-9BA3-225DD013E7DB} = {94E83332-D35B-4E20-A876-4A090026C0C6}
		{D50DDA4F-4D21-4F27-B00D-BB44460DDF1C} = {903EF46A-273E-4030-97A4-0B38FC3E2D3A}
		{5B86CBDD-04AC-4475-93B3-3B46ADD3C5C3} = {4AC9173F-0E7A-4D35-A376-70C34BADC453}
		{488FBDC3-4800-4462-B07E-5C7529CC665F} = {68628162-BEE4-4A6E-8412-32AF06F6DBFF}
		{17247C85-1025-4D2F-A5A4-C68998BCE50D} = {B8691D54-11DB-456F-A919-6D3A4998784F}
		{94F929A2-D1AD-4981-B83C-596CC08CAD0A} = {6A2CA4B2-C91C-4578-93C3-D7DEB54AF2F5}
		{7C612691-C4E9-424C-95E7-6BFD4CA53260} = {CF3EA42C-E6D2-42FF-B427-4198A686F6B7}
		{1A67F8C0-91FE-4F29-B00E-0014CCBB84DB} = {E74E016F-94E3-4485-B020-DB3F7C146D6D}
		{603AEDFD-A7ED-46A0-9A7A-CA3D05E43B85} = {E3FE43FF-1820-4B50-BD13-25855DDCD0E6}
		{78E901C7-8A2A-4FB2-AF94-06B870561091} = {51D46C31-68AB-466F-8A20-9E16B81EA796}
		{1AB1B548-D7B8-4909-AD5A-874E79D377AB} = {46046D60-D000-4691-B98E-B97AD6B548EE}
		{F0E84BD9-7565-4BE9-A33B-3ED82C4FBF3B} = {684ECAD3-4B63-4AAB-AAC4-F4A1BD600DF8}
		{09750C41-47AF-4E7A-9417-8FC4F5B6ED50} = {CD9AB285-FF1F-4212-B4F8-2002A86147D5}
		{1158A90A-C113-4197-862D-44C0BEBCE234} = {CD13BEEC-DC42-45BC-AB6E-A622B192B5EF}
		{F55F13D9-6A29-4330-9F0D-F41823D0EB7E} = {31EC5C64-C79C-4DBF-A7BD-946DAC2F9DD3}
		{4662E1C4-7718-4515-9AEA-AA6D6E60E692} = {2B660B23-365B-4DDA-9C98-3DBB954BAFF0}
		{FBA70398-70F3-4772-8C4B-C08ECC03FCDB} = {2C31973A-3396-4489-B4FE-43F79EC3CBBC}
		{94D15BB9-2079-40F3-99B9-F936CF3EBB50} = {AA581285-0150-4915-84E2-543133377189}
		{780BA68D-64C9-4F40-A0CE-9640ECB7B809} = {94C91FE7-1DF7-40D2-979E-1451BE6127F9}
		{398F90FD-AD83-4393-B90C-ECF4E002C7C4} = {0CB54169-E7F6-4C7E-A46B-C4A3F1739D7A}
		{B869739C-85A8-46F9-8EDA-2953C0739AE9} = {40673BAE-F2BC-425F-BF1E-29377DC0D5F7}
		{3F33F1CA-FCCA-4722-B40D-164026563654} = {B3398586-453C-4752-AE4B-B03D37877349}
		{1CDC11CD-B94A-4E9E-AD18-6E1DD3A0BB8A} = {9A37D02A-7B18-4DD2-83A9-6444096C459A}
		{4C25E88C-4927-4CE6-90DE-B3B4D88E6CC9} = {F71F8A0C-D1DE-41C0-9FAE-912E04C9E6B7}
		{C13A5F47-15F4-4E25-9300-F8BA0BAD7135} = {1A082220-42E5-4307-8C8D-3C520540DD18}
		{7970F6F5-2A12-480D-B64E-132DCB1E3965} = {68F2550E-9102-4CE2-8DDA-C334CCD1A0DA}
		{5490F4E5-3DBF-4D2A-8428-B945BC4F9361} = {F8F9F427-1C6F-4FB9-81AD-B5012B3190A6}
		{207C9E10-58FD-4600-B082-0BBE9ABAF15D} = {F2B9840F-4895-4F32-A46C-7510BFC19B4E}
		{432CEE52-C7BF-49AA-BFBD-2D82540AD928} = {E4587E04-A8C6-4290-A508-6D49992DE340}
		{A4ACDB25-6AB6-419E-84A3-A0A7050DAD88} = {EEBC2897-6F42-4351-B3C4-29C00D55FEA0}
		{27586019-2C9B-4727-A9D8-1B3361C4BE60} = {5E695EA7-CEC6-4EDD-AD82-061D0501B09C}
		{20ACDA88-F31A-404A-B3F1-E30DF3EE775F} = {4E8B0740-E602-46E8-A9DF-DA9D61CACE86}
		{94DBC276-ECD3-41AB-9729-146B2AA1F7B4} = {A5C00454-A9C0-431B-97E0-13A11D91C537}
		{33EF0690-2B79-4458-A38E-4B734A5803DC} = {F5B2E92C-0A37-4BF0-8DA3-CBC4B38F6DBF}
		{87408DBB-194C-4714-9044-8DF7F665CD29} = {7D438123-14E7-4F90-9084-C78E0433EB80}
		{CBB52430-33A1-4534-A62A-A62A8E6FE4F8} = {83D88C10-A221-4BDE-8A0B-73DC959B6D52}
		{9DB1D462-1402-4EE6-8475-FFAC4FA4E20E} = {6952AA05-0AC2-4CB0-AB04-10BEA464EF49}
	EndGlobalSection
	GlobalSection(ExtensibilityGlobals) = postSolution
		SolutionGuid = {4F5D39D5-08BF-4CC9-A1B0-999ED30920B2}
	EndGlobalSection
EndGlobal
